
Microsoft Visual Studio Solution File, Format Version 12.00
Project("{FAE04EC0-301F-11D3-BF4B-00C04F79EFBC}") = "Ecliptix.Core", "Ecliptix.Core\Ecliptix.Core.csproj", "{AC145AD6-BCCF-4DD2-A99B-A190744431B5}"
EndProject
Project("{FAE04EC0-301F-11D3-BF4B-00C04F79EFBC}") = "Ecliptix.Security.Certificate.Pinning", "Ecliptix.Security.Certificate.Pinning\Ecliptix.Security.Certificate.Pinning.csproj", "{B1870C97-9D0D-419E-97FD-F65B6929EB58}"
EndProject
Project("{FAE04EC0-301F-11D3-BF4B-00C04F79EFBC}") = "Ecliptix.Security.Opaque", "Ecliptix.Security.Opaque\Ecliptix.Security.Opaque.csproj", "{DF0AA2A1-306E-48CA-AEAB-44FB2E1ACE93}"
EndProject
Project("{FAE04EC0-301F-11D3-BF4B-00C04F79EFBC}") = "Ecliptix.Protobufs", "Ecliptix.Protobufs\Ecliptix.Protobufs.csproj", "{7C8CCFE7-B057-4DAF-861A-F2C3BBEE5B1E}"
EndProject
Project("{FAE04EC0-301F-11D3-BF4B-00C04F79EFBC}") = "Ecliptix.SharedKernel", "src\Shared\Ecliptix.SharedKernel\Ecliptix.SharedKernel.csproj", "{23C7C9CA-5FD8-4B29-8495-1D86F6810C05}"
EndProject
Project("{FAE04EC0-301F-11D3-BF4B-00C04F79EFBC}") = "Ecliptix.IdentityAccess.Domain", "src\Contexts\IdentityAccess\Domain\Ecliptix.IdentityAccess.Domain.csproj", "{00F9F614-D531-46F1-8146-373DF8F794BC}"
EndProject
Project("{FAE04EC0-301F-11D3-BF4B-00C04F79EFBC}") = "Ecliptix.IdentityAccess.Infrastructure", "src\Contexts\IdentityAccess\Infrastructure\Ecliptix.IdentityAccess.Infrastructure.csproj", "{6E01EE7F-87AF-40CD-A2B3-3902AC8F23F3}"
EndProject
Project("{FAE04EC0-301F-11D3-BF4B-00C04F79EFBC}") = "Ecliptix.DeviceProvisioning.Domain", "src\Contexts\DeviceProvisioning\Domain\Ecliptix.DeviceProvisioning.Domain.csproj", "{6F37E771-BAB8-4CFD-8CD6-0C611DA69CE6}"
EndProject
Project("{FAE04EC0-301F-11D3-BF4B-00C04F79EFBC}") = "Ecliptix.DeviceProvisioning.Infrastructure", "src\Contexts\DeviceProvisioning\Infrastructure\Ecliptix.DeviceProvisioning.Infrastructure.csproj", "{45677052-AE1D-4383-932F-C4B6AD170BD9}"
EndProject
Project("{FAE04EC0-301F-11D3-BF4B-00C04F79EFBC}") = "Ecliptix.SecureProtocol.Domain", "src\Contexts\SecureProtocol\Domain\Ecliptix.SecureProtocol.Domain.csproj", "{80E36DF5-5FCF-4C40-B2E1-F47606473B6A}"
EndProject
Project("{FAE04EC0-301F-11D3-BF4B-00C04F79EFBC}") = "Ecliptix.SecureProtocol.Infrastructure", "src\Contexts\SecureProtocol\Infrastructure\Ecliptix.SecureProtocol.Infrastructure.csproj", "{A179D149-CC51-4BB1-A123-F09C5E3D285D}"
EndProject
Project("{FAE04EC0-301F-11D3-BF4B-00C04F79EFBC}") = "Ecliptix.EventRouting.Generator", "src\Tools\Ecliptix.EventRouting.Generator\Ecliptix.EventRouting.Generator.csproj", "{99AE90FB-C2D5-490E-8E15-2CF9269771F0}"
EndProject
Project("{2150E333-8FDC-42A3-9474-1A3956D46DE8}") = "Host", "Host", "{7B0D4749-2A32-4B6F-BA68-9C2B40F43D24}"
EndProject
Project("{2150E333-8FDC-42A3-9474-1A3956D46DE8}") = "Contexts", "Contexts", "{8F7E4859-AD26-4E9A-A3C6-CEAF5F3CFA2D}"
EndProject
Project("{2150E333-8FDC-42A3-9474-1A3956D46DE8}") = "IdentityAccess", "IdentityAccess", "{F9B4E081-4E3B-4C27-9FCF-487D9DE3B1EF}"
EndProject
Project("{2150E333-8FDC-42A3-9474-1A3956D46DE8}") = "DeviceProvisioning", "DeviceProvisioning", "{2B5F9DE5-6B15-4D25-8C12-84E0DD2B7F50}"
EndProject
Project("{2150E333-8FDC-42A3-9474-1A3956D46DE8}") = "SecureProtocol", "SecureProtocol", "{E2C5A6E7-986E-41E0-AB2C-673D8CE3B048}"
EndProject
Project("{2150E333-8FDC-42A3-9474-1A3956D46DE8}") = "Shared", "Shared", "{114827C1-B6DB-45AD-B5FE-E6BC35CDBE86}"
EndProject
Project("{2150E333-8FDC-42A3-9474-1A3956D46DE8}") = "Security", "Security", "{615A8A20-AE74-4C21-A3BB-A565E4837C20}"
EndProject
Project("{2150E333-8FDC-42A3-9474-1A3956D46DE8}") = "Tools", "Tools", "{5B9578DD-0B2C-4510-9D97-06ECFF05CD42}"
EndProject
Global
	GlobalSection(SolutionConfigurationPlatforms) = preSolution
		Debug|Any CPU = Debug|Any CPU
		Debug|x64 = Debug|x64
		Debug|x86 = Debug|x86
		Release|Any CPU = Release|Any CPU
		Release|x64 = Release|x64
		Release|x86 = Release|x86
	EndGlobalSection
	GlobalSection(ProjectConfigurationPlatforms) = postSolution
		{AC145AD6-BCCF-4DD2-A99B-A190744431B5}.Debug|Any CPU.ActiveCfg = Debug|Any CPU
		{AC145AD6-BCCF-4DD2-A99B-A190744431B5}.Debug|Any CPU.Build.0 = Debug|Any CPU
		{AC145AD6-BCCF-4DD2-A99B-A190744431B5}.Debug|x64.ActiveCfg = Debug|Any CPU
		{AC145AD6-BCCF-4DD2-A99B-A190744431B5}.Debug|x64.Build.0 = Debug|Any CPU
		{AC145AD6-BCCF-4DD2-A99B-A190744431B5}.Debug|x86.ActiveCfg = Debug|Any CPU
		{AC145AD6-BCCF-4DD2-A99B-A190744431B5}.Debug|x86.Build.0 = Debug|Any CPU
		{AC145AD6-BCCF-4DD2-A99B-A190744431B5}.Release|Any CPU.ActiveCfg = Release|Any CPU
		{AC145AD6-BCCF-4DD2-A99B-A190744431B5}.Release|Any CPU.Build.0 = Release|Any CPU
		{AC145AD6-BCCF-4DD2-A99B-A190744431B5}.Release|x64.ActiveCfg = Release|Any CPU
		{AC145AD6-BCCF-4DD2-A99B-A190744431B5}.Release|x64.Build.0 = Release|Any CPU
		{AC145AD6-BCCF-4DD2-A99B-A190744431B5}.Release|x86.ActiveCfg = Release|Any CPU
		{AC145AD6-BCCF-4DD2-A99B-A190744431B5}.Release|x86.Build.0 = Release|Any CPU
		{B1870C97-9D0D-419E-97FD-F65B6929EB58}.Debug|Any CPU.ActiveCfg = Debug|Any CPU
		{B1870C97-9D0D-419E-97FD-F65B6929EB58}.Debug|Any CPU.Build.0 = Debug|Any CPU
		{B1870C97-9D0D-419E-97FD-F65B6929EB58}.Debug|x64.ActiveCfg = Debug|Any CPU
		{B1870C97-9D0D-419E-97FD-F65B6929EB58}.Debug|x64.Build.0 = Debug|Any CPU
		{B1870C97-9D0D-419E-97FD-F65B6929EB58}.Debug|x86.ActiveCfg = Debug|Any CPU
		{B1870C97-9D0D-419E-97FD-F65B6929EB58}.Debug|x86.Build.0 = Debug|Any CPU
		{B1870C97-9D0D-419E-97FD-F65B6929EB58}.Release|Any CPU.ActiveCfg = Release|Any CPU
		{B1870C97-9D0D-419E-97FD-F65B6929EB58}.Release|Any CPU.Build.0 = Release|Any CPU
		{B1870C97-9D0D-419E-97FD-F65B6929EB58}.Release|x64.ActiveCfg = Release|Any CPU
		{B1870C97-9D0D-419E-97FD-F65B6929EB58}.Release|x64.Build.0 = Release|Any CPU
		{B1870C97-9D0D-419E-97FD-F65B6929EB58}.Release|x86.ActiveCfg = Release|Any CPU
		{B1870C97-9D0D-419E-97FD-F65B6929EB58}.Release|x86.Build.0 = Release|Any CPU
		{DF0AA2A1-306E-48CA-AEAB-44FB2E1ACE93}.Debug|Any CPU.ActiveCfg = Debug|Any CPU
		{DF0AA2A1-306E-48CA-AEAB-44FB2E1ACE93}.Debug|Any CPU.Build.0 = Debug|Any CPU
		{DF0AA2A1-306E-48CA-AEAB-44FB2E1ACE93}.Debug|x64.ActiveCfg = Debug|Any CPU
		{DF0AA2A1-306E-48CA-AEAB-44FB2E1ACE93}.Debug|x64.Build.0 = Debug|Any CPU
		{DF0AA2A1-306E-48CA-AEAB-44FB2E1ACE93}.Debug|x86.ActiveCfg = Debug|Any CPU
		{DF0AA2A1-306E-48CA-AEAB-44FB2E1ACE93}.Debug|x86.Build.0 = Debug|Any CPU
		{DF0AA2A1-306E-48CA-AEAB-44FB2E1ACE93}.Release|Any CPU.ActiveCfg = Release|Any CPU
		{DF0AA2A1-306E-48CA-AEAB-44FB2E1ACE93}.Release|Any CPU.Build.0 = Release|Any CPU
		{DF0AA2A1-306E-48CA-AEAB-44FB2E1ACE93}.Release|x64.ActiveCfg = Release|Any CPU
		{DF0AA2A1-306E-48CA-AEAB-44FB2E1ACE93}.Release|x64.Build.0 = Release|Any CPU
		{DF0AA2A1-306E-48CA-AEAB-44FB2E1ACE93}.Release|x86.ActiveCfg = Release|Any CPU
		{DF0AA2A1-306E-48CA-AEAB-44FB2E1ACE93}.Release|x86.Build.0 = Release|Any CPU
		{7C8CCFE7-B057-4DAF-861A-F2C3BBEE5B1E}.Debug|Any CPU.ActiveCfg = Debug|Any CPU
		{7C8CCFE7-B057-4DAF-861A-F2C3BBEE5B1E}.Debug|Any CPU.Build.0 = Debug|Any CPU
		{7C8CCFE7-B057-4DAF-861A-F2C3BBEE5B1E}.Debug|x64.ActiveCfg = Debug|Any CPU
		{7C8CCFE7-B057-4DAF-861A-F2C3BBEE5B1E}.Debug|x64.Build.0 = Debug|Any CPU
		{7C8CCFE7-B057-4DAF-861A-F2C3BBEE5B1E}.Debug|x86.ActiveCfg = Debug|Any CPU
		{7C8CCFE7-B057-4DAF-861A-F2C3BBEE5B1E}.Debug|x86.Build.0 = Debug|Any CPU
		{7C8CCFE7-B057-4DAF-861A-F2C3BBEE5B1E}.Release|Any CPU.ActiveCfg = Release|Any CPU
		{7C8CCFE7-B057-4DAF-861A-F2C3BBEE5B1E}.Release|Any CPU.Build.0 = Release|Any CPU
		{7C8CCFE7-B057-4DAF-861A-F2C3BBEE5B1E}.Release|x64.ActiveCfg = Release|Any CPU
		{7C8CCFE7-B057-4DAF-861A-F2C3BBEE5B1E}.Release|x64.Build.0 = Release|Any CPU
		{7C8CCFE7-B057-4DAF-861A-F2C3BBEE5B1E}.Release|x86.ActiveCfg = Release|Any CPU
		{7C8CCFE7-B057-4DAF-861A-F2C3BBEE5B1E}.Release|x86.Build.0 = Release|Any CPU
		{23C7C9CA-5FD8-4B29-8495-1D86F6810C05}.Debug|Any CPU.ActiveCfg = Debug|Any CPU
		{23C7C9CA-5FD8-4B29-8495-1D86F6810C05}.Debug|Any CPU.Build.0 = Debug|Any CPU
		{23C7C9CA-5FD8-4B29-8495-1D86F6810C05}.Debug|x64.ActiveCfg = Debug|Any CPU
		{23C7C9CA-5FD8-4B29-8495-1D86F6810C05}.Debug|x64.Build.0 = Debug|Any CPU
		{23C7C9CA-5FD8-4B29-8495-1D86F6810C05}.Debug|x86.ActiveCfg = Debug|Any CPU
		{23C7C9CA-5FD8-4B29-8495-1D86F6810C05}.Debug|x86.Build.0 = Debug|Any CPU
		{23C7C9CA-5FD8-4B29-8495-1D86F6810C05}.Release|Any CPU.ActiveCfg = Release|Any CPU
		{23C7C9CA-5FD8-4B29-8495-1D86F6810C05}.Release|Any CPU.Build.0 = Release|Any CPU
		{23C7C9CA-5FD8-4B29-8495-1D86F6810C05}.Release|x64.ActiveCfg = Release|Any CPU
		{23C7C9CA-5FD8-4B29-8495-1D86F6810C05}.Release|x64.Build.0 = Release|Any CPU
		{23C7C9CA-5FD8-4B29-8495-1D86F6810C05}.Release|x86.ActiveCfg = Release|Any CPU
		{23C7C9CA-5FD8-4B29-8495-1D86F6810C05}.Release|x86.Build.0 = Release|Any CPU
		{00F9F614-D531-46F1-8146-373DF8F794BC}.Debug|Any CPU.ActiveCfg = Debug|Any CPU
		{00F9F614-D531-46F1-8146-373DF8F794BC}.Debug|Any CPU.Build.0 = Debug|Any CPU
		{00F9F614-D531-46F1-8146-373DF8F794BC}.Debug|x64.ActiveCfg = Debug|Any CPU
		{00F9F614-D531-46F1-8146-373DF8F794BC}.Debug|x64.Build.0 = Debug|Any CPU
		{00F9F614-D531-46F1-8146-373DF8F794BC}.Debug|x86.ActiveCfg = Debug|Any CPU
		{00F9F614-D531-46F1-8146-373DF8F794BC}.Debug|x86.Build.0 = Debug|Any CPU
		{00F9F614-D531-46F1-8146-373DF8F794BC}.Release|Any CPU.ActiveCfg = Release|Any CPU
		{00F9F614-D531-46F1-8146-373DF8F794BC}.Release|Any CPU.Build.0 = Release|Any CPU
		{00F9F614-D531-46F1-8146-373DF8F794BC}.Release|x64.ActiveCfg = Release|Any CPU
		{00F9F614-D531-46F1-8146-373DF8F794BC}.Release|x64.Build.0 = Release|Any CPU
		{00F9F614-D531-46F1-8146-373DF8F794BC}.Release|x86.ActiveCfg = Release|Any CPU
		{00F9F614-D531-46F1-8146-373DF8F794BC}.Release|x86.Build.0 = Release|Any CPU
		{6E01EE7F-87AF-40CD-A2B3-3902AC8F23F3}.Debug|Any CPU.ActiveCfg = Debug|Any CPU
		{6E01EE7F-87AF-40CD-A2B3-3902AC8F23F3}.Debug|Any CPU.Build.0 = Debug|Any CPU
		{6E01EE7F-87AF-40CD-A2B3-3902AC8F23F3}.Debug|x64.ActiveCfg = Debug|Any CPU
		{6E01EE7F-87AF-40CD-A2B3-3902AC8F23F3}.Debug|x64.Build.0 = Debug|Any CPU
		{6E01EE7F-87AF-40CD-A2B3-3902AC8F23F3}.Debug|x86.ActiveCfg = Debug|Any CPU
		{6E01EE7F-87AF-40CD-A2B3-3902AC8F23F3}.Debug|x86.Build.0 = Debug|Any CPU
		{6E01EE7F-87AF-40CD-A2B3-3902AC8F23F3}.Release|Any CPU.ActiveCfg = Release|Any CPU
		{6E01EE7F-87AF-40CD-A2B3-3902AC8F23F3}.Release|Any CPU.Build.0 = Release|Any CPU
		{6E01EE7F-87AF-40CD-A2B3-3902AC8F23F3}.Release|x64.ActiveCfg = Release|Any CPU
		{6E01EE7F-87AF-40CD-A2B3-3902AC8F23F3}.Release|x64.Build.0 = Release|Any CPU
		{6E01EE7F-87AF-40CD-A2B3-3902AC8F23F3}.Release|x86.ActiveCfg = Release|Any CPU
		{6E01EE7F-87AF-40CD-A2B3-3902AC8F23F3}.Release|x86.Build.0 = Release|Any CPU
		{6F37E771-BAB8-4CFD-8CD6-0C611DA69CE6}.Debug|Any CPU.ActiveCfg = Debug|Any CPU
		{6F37E771-BAB8-4CFD-8CD6-0C611DA69CE6}.Debug|Any CPU.Build.0 = Debug|Any CPU
		{6F37E771-BAB8-4CFD-8CD6-0C611DA69CE6}.Debug|x64.ActiveCfg = Debug|Any CPU
		{6F37E771-BAB8-4CFD-8CD6-0C611DA69CE6}.Debug|x64.Build.0 = Debug|Any CPU
		{6F37E771-BAB8-4CFD-8CD6-0C611DA69CE6}.Debug|x86.ActiveCfg = Debug|Any CPU
		{6F37E771-BAB8-4CFD-8CD6-0C611DA69CE6}.Debug|x86.Build.0 = Debug|Any CPU
		{6F37E771-BAB8-4CFD-8CD6-0C611DA69CE6}.Release|Any CPU.ActiveCfg = Release|Any CPU
		{6F37E771-BAB8-4CFD-8CD6-0C611DA69CE6}.Release|Any CPU.Build.0 = Release|Any CPU
		{6F37E771-BAB8-4CFD-8CD6-0C611DA69CE6}.Release|x64.ActiveCfg = Release|Any CPU
		{6F37E771-BAB8-4CFD-8CD6-0C611DA69CE6}.Release|x64.Build.0 = Release|Any CPU
		{6F37E771-BAB8-4CFD-8CD6-0C611DA69CE6}.Release|x86.ActiveCfg = Release|Any CPU
		{6F37E771-BAB8-4CFD-8CD6-0C611DA69CE6}.Release|x86.Build.0 = Release|Any CPU
		{45677052-AE1D-4383-932F-C4B6AD170BD9}.Debug|Any CPU.ActiveCfg = Debug|Any CPU
		{45677052-AE1D-4383-932F-C4B6AD170BD9}.Debug|Any CPU.Build.0 = Debug|Any CPU
		{45677052-AE1D-4383-932F-C4B6AD170BD9}.Debug|x64.ActiveCfg = Debug|Any CPU
		{45677052-AE1D-4383-932F-C4B6AD170BD9}.Debug|x64.Build.0 = Debug|Any CPU
		{45677052-AE1D-4383-932F-C4B6AD170BD9}.Debug|x86.ActiveCfg = Debug|Any CPU
		{45677052-AE1D-4383-932F-C4B6AD170BD9}.Debug|x86.Build.0 = Debug|Any CPU
		{45677052-AE1D-4383-932F-C4B6AD170BD9}.Release|Any CPU.ActiveCfg = Release|Any CPU
		{45677052-AE1D-4383-932F-C4B6AD170BD9}.Release|Any CPU.Build.0 = Release|Any CPU
		{45677052-AE1D-4383-932F-C4B6AD170BD9}.Release|x64.ActiveCfg = Release|Any CPU
		{45677052-AE1D-4383-932F-C4B6AD170BD9}.Release|x64.Build.0 = Release|Any CPU
		{45677052-AE1D-4383-932F-C4B6AD170BD9}.Release|x86.ActiveCfg = Release|Any CPU
		{45677052-AE1D-4383-932F-C4B6AD170BD9}.Release|x86.Build.0 = Release|Any CPU
		{80E36DF5-5FCF-4C40-B2E1-F47606473B6A}.Debug|Any CPU.ActiveCfg = Debug|Any CPU
		{80E36DF5-5FCF-4C40-B2E1-F47606473B6A}.Debug|Any CPU.Build.0 = Debug|Any CPU
		{80E36DF5-5FCF-4C40-B2E1-F47606473B6A}.Debug|x64.ActiveCfg = Debug|Any CPU
		{80E36DF5-5FCF-4C40-B2E1-F47606473B6A}.Debug|x64.Build.0 = Debug|Any CPU
		{80E36DF5-5FCF-4C40-B2E1-F47606473B6A}.Debug|x86.ActiveCfg = Debug|Any CPU
		{80E36DF5-5FCF-4C40-B2E1-F47606473B6A}.Debug|x86.Build.0 = Debug|Any CPU
		{80E36DF5-5FCF-4C40-B2E1-F47606473B6A}.Release|Any CPU.ActiveCfg = Release|Any CPU
		{80E36DF5-5FCF-4C40-B2E1-F47606473B6A}.Release|Any CPU.Build.0 = Release|Any CPU
		{80E36DF5-5FCF-4C40-B2E1-F47606473B6A}.Release|x64.ActiveCfg = Release|Any CPU
		{80E36DF5-5FCF-4C40-B2E1-F47606473B6A}.Release|x64.Build.0 = Release|Any CPU
		{80E36DF5-5FCF-4C40-B2E1-F47606473B6A}.Release|x86.ActiveCfg = Release|Any CPU
		{80E36DF5-5FCF-4C40-B2E1-F47606473B6A}.Release|x86.Build.0 = Release|Any CPU
		{A179D149-CC51-4BB1-A123-F09C5E3D285D}.Debug|Any CPU.ActiveCfg = Debug|Any CPU
		{A179D149-CC51-4BB1-A123-F09C5E3D285D}.Debug|Any CPU.Build.0 = Debug|Any CPU
		{A179D149-CC51-4BB1-A123-F09C5E3D285D}.Debug|x64.ActiveCfg = Debug|Any CPU
		{A179D149-CC51-4BB1-A123-F09C5E3D285D}.Debug|x64.Build.0 = Debug|Any CPU
		{A179D149-CC51-4BB1-A123-F09C5E3D285D}.Debug|x86.ActiveCfg = Debug|Any CPU
		{A179D149-CC51-4BB1-A123-F09C5E3D285D}.Debug|x86.Build.0 = Debug|Any CPU
		{A179D149-CC51-4BB1-A123-F09C5E3D285D}.Release|Any CPU.ActiveCfg = Release|Any CPU
		{A179D149-CC51-4BB1-A123-F09C5E3D285D}.Release|Any CPU.Build.0 = Release|Any CPU
		{A179D149-CC51-4BB1-A123-F09C5E3D285D}.Release|x64.ActiveCfg = Release|Any CPU
		{A179D149-CC51-4BB1-A123-F09C5E3D285D}.Release|x64.Build.0 = Release|Any CPU
		{A179D149-CC51-4BB1-A123-F09C5E3D285D}.Release|x86.ActiveCfg = Release|Any CPU
		{A179D149-CC51-4BB1-A123-F09C5E3D285D}.Release|x86.Build.0 = Release|Any CPU
		{99AE90FB-C2D5-490E-8E15-2CF9269771F0}.Debug|Any CPU.ActiveCfg = Debug|Any CPU
		{99AE90FB-C2D5-490E-8E15-2CF9269771F0}.Debug|Any CPU.Build.0 = Debug|Any CPU
		{99AE90FB-C2D5-490E-8E15-2CF9269771F0}.Debug|x64.ActiveCfg = Debug|Any CPU
		{99AE90FB-C2D5-490E-8E15-2CF9269771F0}.Debug|x64.Build.0 = Debug|Any CPU
		{99AE90FB-C2D5-490E-8E15-2CF9269771F0}.Debug|x86.ActiveCfg = Debug|Any CPU
		{99AE90FB-C2D5-490E-8E15-2CF9269771F0}.Debug|x86.Build.0 = Debug|Any CPU
		{99AE90FB-C2D5-490E-8E15-2CF9269771F0}.Release|Any CPU.ActiveCfg = Release|Any CPU
		{99AE90FB-C2D5-490E-8E15-2CF9269771F0}.Release|Any CPU.Build.0 = Release|Any CPU
		{99AE90FB-C2D5-490E-8E15-2CF9269771F0}.Release|x64.ActiveCfg = Release|Any CPU
		{99AE90FB-C2D5-490E-8E15-2CF9269771F0}.Release|x64.Build.0 = Release|Any CPU
		{99AE90FB-C2D5-490E-8E15-2CF9269771F0}.Release|x86.ActiveCfg = Release|Any CPU
		{99AE90FB-C2D5-490E-8E15-2CF9269771F0}.Release|x86.Build.0 = Release|Any CPU
	EndGlobalSection
	GlobalSection(SolutionProperties) = preSolution
		HideSolutionNode = FALSE
	EndGlobalSection
	GlobalSection(NestedProjects) = preSolution
		{AC145AD6-BCCF-4DD2-A99B-A190744431B5} = {7B0D4749-2A32-4B6F-BA68-9C2B40F43D24}
		{B1870C97-9D0D-419E-97FD-F65B6929EB58} = {615A8A20-AE74-4C21-A3BB-A565E4837C20}
		{DF0AA2A1-306E-48CA-AEAB-44FB2E1ACE93} = {615A8A20-AE74-4C21-A3BB-A565E4837C20}
		{7C8CCFE7-B057-4DAF-861A-F2C3BBEE5B1E} = {114827C1-B6DB-45AD-B5FE-E6BC35CDBE86}
		{23C7C9CA-5FD8-4B29-8495-1D86F6810C05} = {114827C1-B6DB-45AD-B5FE-E6BC35CDBE86}
		{00F9F614-D531-46F1-8146-373DF8F794BC} = {F9B4E081-4E3B-4C27-9FCF-487D9DE3B1EF}
		{6E01EE7F-87AF-40CD-A2B3-3902AC8F23F3} = {F9B4E081-4E3B-4C27-9FCF-487D9DE3B1EF}
		{6F37E771-BAB8-4CFD-8CD6-0C611DA69CE6} = {2B5F9DE5-6B15-4D25-8C12-84E0DD2B7F50}
		{45677052-AE1D-4383-932F-C4B6AD170BD9} = {2B5F9DE5-6B15-4D25-8C12-84E0DD2B7F50}
		{80E36DF5-5FCF-4C40-B2E1-F47606473B6A} = {E2C5A6E7-986E-41E0-AB2C-673D8CE3B048}
		{A179D149-CC51-4BB1-A123-F09C5E3D285D} = {E2C5A6E7-986E-41E0-AB2C-673D8CE3B048}
		{99AE90FB-C2D5-490E-8E15-2CF9269771F0} = {5B9578DD-0B2C-4510-9D97-06ECFF05CD42}
		{F9B4E081-4E3B-4C27-9FCF-487D9DE3B1EF} = {8F7E4859-AD26-4E9A-A3C6-CEAF5F3CFA2D}
		{2B5F9DE5-6B15-4D25-8C12-84E0DD2B7F50} = {8F7E4859-AD26-4E9A-A3C6-CEAF5F3CFA2D}
		{E2C5A6E7-986E-41E0-AB2C-673D8CE3B048} = {8F7E4859-AD26-4E9A-A3C6-CEAF5F3CFA2D}
	EndGlobalSection
EndGlobal
